
Microsoft Visual Studio Solution File, Format Version 12.00
# Visual Studio Version 16
VisualStudioVersion = 16.0.32228.343
MinimumVisualStudioVersion = 10.0.40219.1
Project("{8BC9CEB8-8B4A-11D0-8D11-00A0C91BC942}") = "CPP_setops", "CPP_setops\CPP_setops.vcxproj", "{B3120D66-A798-4226-9D32-836F2FC4CFA6}"
EndProject
Global
	GlobalSection(SolutionConfigurationPlatforms) = preSolution
		Debug|x64 = Debug|x64
		Debug|x86 = Debug|x86
		Release|x64 = Release|x64
		Release|x86 = Release|x86
	EndGlobalSection
	GlobalSection(ProjectConfigurationPlatforms) = postSolution
		{B3120D66-A798-4226-9D32-836F2FC4CFA6}.Debug|x64.ActiveCfg = Debug|x64
		{B3120D66-A798-4226-9D32-836F2FC4CFA6}.Debug|x64.Build.0 = Debug|x64
		{B3120D66-A798-4226-9D32-836F2FC4CFA6}.Debug|x86.ActiveCfg = Debug|Win32
		{B3120D66-A798-4226-9D32-836F2FC4CFA6}.Debug|x86.Build.0 = Debug|Win32
		{B3120D66-A798-4226-9D32-836F2FC4CFA6}.Release|x64.ActiveCfg = Release|x64
		{B3120D66-A798-4226-9D32-836F2FC4CFA6}.Release|x64.Build.0 = Release|x64
		{B3120D66-A798-4226-9D32-836F2FC4CFA6}.Release|x86.ActiveCfg = Release|Win32
		{B3120D66-A798-4226-9D32-836F2FC4CFA6}.Release|x86.Build.0 = Release|Win32
	EndGlobalSection
	GlobalSection(SolutionProperties) = preSolution
		HideSolutionNode = FALSE
	EndGlobalSection
	GlobalSection(ExtensibilityGlobals) = postSolution
		SolutionGuid = {DBDA959F-A316-40E2-98C1-883B8186AFB1}
	EndGlobalSection
EndGlobal
